
Microsoft Visual Studio Solution File, Format Version 12.00
# Visual Studio Version 17
VisualStudioVersion = 17.10.34902.84
MinimumVisualStudioVersion = 10.0.40219.1
Project("{FAE04EC0-301F-11D3-BF4B-00C04F79EFBC}") = "QrCodeReaderApp", "QrCodeReaderApp\QrCodeReaderApp.csproj", "{DAE8763A-282B-490E-97FE-5DC7F72FF174}"
EndProject
Global
	GlobalSection(SolutionConfigurationPlatforms) = preSolution
		Debug|Any CPU = Debug|Any CPU
		Release|Any CPU = Release|Any CPU
	EndGlobalSection
	GlobalSection(ProjectConfigurationPlatforms) = postSolution
		{DAE8763A-282B-490E-97FE-5DC7F72FF174}.Debug|Any CPU.ActiveCfg = Debug|Any CPU
		{DAE8763A-282B-490E-97FE-5DC7F72FF174}.Debug|Any CPU.Build.0 = Debug|Any CPU
		{DAE8763A-282B-490E-97FE-5DC7F72FF174}.Debug|Any CPU.Deploy.0 = Debug|Any CPU
		{DAE8763A-282B-490E-97FE-5DC7F72FF174}.Release|Any CPU.ActiveCfg = Release|Any CPU
		{DAE8763A-282B-490E-97FE-5DC7F72FF174}.Release|Any CPU.Build.0 = Release|Any CPU
		{DAE8763A-282B-490E-97FE-5DC7F72FF174}.Release|Any CPU.Deploy.0 = Release|Any CPU
	EndGlobalSection
	GlobalSection(SolutionProperties) = preSolution
		HideSolutionNode = FALSE
	EndGlobalSection
	GlobalSection(ExtensibilityGlobals) = postSolution
		SolutionGuid = {4E1FB8FB-5B9D-4550-91EE-5F68A5DBD04A}
	EndGlobalSection
EndGlobal
